
Microsoft Visual Studio Solution File, Format Version 12.00
# Visual Studio Version 16
VisualStudioVersion = 16.0.32106.194
MinimumVisualStudioVersion = 10.0.40219.1
Project("{FAE04EC0-301F-11D3-BF4B-00C04F79EFBC}") = "CarEvaluation.UWP", "CarEvaluation\CarEvaluation.UWP\CarEvaluation.UWP.csproj", "{617F70C7-91D4-4ECC-96C8-2A58C5DFC534}"
EndProject
Project("{FAE04EC0-301F-11D3-BF4B-00C04F79EFBC}") = "CarEvaluation.Android", "CarEvaluation\CarEvaluation.Android\CarEvaluation.Android.csproj", "{2AEAFEC0-98AF-4F0A-8BB3-57FC36D8F3DD}"
EndProject
Project("{FAE04EC0-301F-11D3-BF4B-00C04F79EFBC}") = "CarEvaluation.iOS", "CarEvaluation\CarEvaluation.iOS\CarEvaluation.iOS.csproj", "{FD38C4BE-A2DD-4D30-BD5D-FFA110FBA03C}"
EndProject
Project("{9A19103F-16F7-4668-BE54-9A1E7A4F7556}") = "CarEvaluation", "CarEvaluation\CarEvaluation\CarEvaluation.csproj", "{6F32602C-197B-4F0E-A101-BDEC1E455372}"
EndProject
Global
	GlobalSection(SolutionConfigurationPlatforms) = preSolution
		Debug|Any CPU = Debug|Any CPU
		Debug|ARM = Debug|ARM
		Debug|iPhone = Debug|iPhone
		Debug|iPhoneSimulator = Debug|iPhoneSimulator
		Debug|x64 = Debug|x64
		Debug|x86 = Debug|x86
		Release|Any CPU = Release|Any CPU
		Release|ARM = Release|ARM
		Release|iPhone = Release|iPhone
		Release|iPhoneSimulator = Release|iPhoneSimulator
		Release|x64 = Release|x64
		Release|x86 = Release|x86
	EndGlobalSection
	GlobalSection(ProjectConfigurationPlatforms) = postSolution
		{617F70C7-91D4-4ECC-96C8-2A58C5DFC534}.Debug|Any CPU.ActiveCfg = Debug|x86
		{617F70C7-91D4-4ECC-96C8-2A58C5DFC534}.Debug|Any CPU.Build.0 = Debug|x86
		{617F70C7-91D4-4ECC-96C8-2A58C5DFC534}.Debug|Any CPU.Deploy.0 = Debug|x86
		{617F70C7-91D4-4ECC-96C8-2A58C5DFC534}.Debug|ARM.ActiveCfg = Debug|ARM
		{617F70C7-91D4-4ECC-96C8-2A58C5DFC534}.Debug|ARM.Build.0 = Debug|ARM
		{617F70C7-91D4-4ECC-96C8-2A58C5DFC534}.Debug|ARM.Deploy.0 = Debug|ARM
		{617F70C7-91D4-4ECC-96C8-2A58C5DFC534}.Debug|iPhone.ActiveCfg = Debug|x86
		{617F70C7-91D4-4ECC-96C8-2A58C5DFC534}.Debug|iPhone.Build.0 = Debug|x86
		{617F70C7-91D4-4ECC-96C8-2A58C5DFC534}.Debug|iPhone.Deploy.0 = Debug|x86
		{617F70C7-91D4-4ECC-96C8-2A58C5DFC534}.Debug|iPhoneSimulator.ActiveCfg = Debug|x86
		{617F70C7-91D4-4ECC-96C8-2A58C5DFC534}.Debug|iPhoneSimulator.Build.0 = Debug|x86
		{617F70C7-91D4-4ECC-96C8-2A58C5DFC534}.Debug|iPhoneSimulator.Deploy.0 = Debug|x86
		{617F70C7-91D4-4ECC-96C8-2A58C5DFC534}.Debug|x64.ActiveCfg = Debug|x64
		{617F70C7-91D4-4ECC-96C8-2A58C5DFC534}.Debug|x64.Build.0 = Debug|x64
		{617F70C7-91D4-4ECC-96C8-2A58C5DFC534}.Debug|x64.Deploy.0 = Debug|x64
		{617F70C7-91D4-4ECC-96C8-2A58C5DFC534}.Debug|x86.ActiveCfg = Debug|x86
		{617F70C7-91D4-4ECC-96C8-2A58C5DFC534}.Debug|x86.Build.0 = Debug|x86
		{617F70C7-91D4-4ECC-96C8-2A58C5DFC534}.Debug|x86.Deploy.0 = Debug|x86
		{617F70C7-91D4-4ECC-96C8-2A58C5DFC534}.Release|Any CPU.ActiveCfg = Release|x86
		{617F70C7-91D4-4ECC-96C8-2A58C5DFC534}.Release|Any CPU.Build.0 = Release|x86
		{617F70C7-91D4-4ECC-96C8-2A58C5DFC534}.Release|Any CPU.Deploy.0 = Release|x86
		{617F70C7-91D4-4ECC-96C8-2A58C5DFC534}.Release|ARM.ActiveCfg = Release|ARM
		{617F70C7-91D4-4ECC-96C8-2A58C5DFC534}.Release|ARM.Build.0 = Release|ARM
		{617F70C7-91D4-4ECC-96C8-2A58C5DFC534}.Release|ARM.Deploy.0 = Release|ARM
		{617F70C7-91D4-4ECC-96C8-2A58C5DFC534}.Release|iPhone.ActiveCfg = Release|x86
		{617F70C7-91D4-4ECC-96C8-2A58C5DFC534}.Release|iPhone.Build.0 = Release|x86
		{617F70C7-91D4-4ECC-96C8-2A58C5DFC534}.Release|iPhone.Deploy.0 = Release|x86
		{617F70C7-91D4-4ECC-96C8-2A58C5DFC534}.Release|iPhoneSimulator.ActiveCfg = Release|x86
		{617F70C7-91D4-4ECC-96C8-2A58C5DFC534}.Release|iPhoneSimulator.Build.0 = Release|x86
		{617F70C7-91D4-4ECC-96C8-2A58C5DFC534}.Release|iPhoneSimulator.Deploy.0 = Release|x86
		{617F70C7-91D4-4ECC-96C8-2A58C5DFC534}.Release|x64.ActiveCfg = Release|x64
		{617F70C7-91D4-4ECC-96C8-2A58C5DFC534}.Release|x64.Build.0 = Release|x64
		{617F70C7-91D4-4ECC-96C8-2A58C5DFC534}.Release|x64.Deploy.0 = Release|x64
		{617F70C7-91D4-4ECC-96C8-2A58C5DFC534}.Release|x86.ActiveCfg = Release|x86
		{617F70C7-91D4-4ECC-96C8-2A58C5DFC534}.Release|x86.Build.0 = Release|x86
		{617F70C7-91D4-4ECC-96C8-2A58C5DFC534}.Release|x86.Deploy.0 = Release|x86
		{2AEAFEC0-98AF-4F0A-8BB3-57FC36D8F3DD}.Debug|Any CPU.ActiveCfg = Debug|Any CPU
		{2AEAFEC0-98AF-4F0A-8BB3-57FC36D8F3DD}.Debug|Any CPU.Build.0 = Debug|Any CPU
		{2AEAFEC0-98AF-4F0A-8BB3-57FC36D8F3DD}.Debug|Any CPU.Deploy.0 = Debug|Any CPU
		{2AEAFEC0-98AF-4F0A-8BB3-57FC36D8F3DD}.Debug|ARM.ActiveCfg = Debug|Any CPU
		{2AEAFEC0-98AF-4F0A-8BB3-57FC36D8F3DD}.Debug|ARM.Build.0 = Debug|Any CPU
		{2AEAFEC0-98AF-4F0A-8BB3-57FC36D8F3DD}.Debug|ARM.Deploy.0 = Debug|Any CPU
		{2AEAFEC0-98AF-4F0A-8BB3-57FC36D8F3DD}.Debug|iPhone.ActiveCfg = Debug|Any CPU
		{2AEAFEC0-98AF-4F0A-8BB3-57FC36D8F3DD}.Debug|iPhone.Build.0 = Debug|Any CPU
		{2AEAFEC0-98AF-4F0A-8BB3-57FC36D8F3DD}.Debug|iPhone.Deploy.0 = Debug|Any CPU
		{2AEAFEC0-98AF-4F0A-8BB3-57FC36D8F3DD}.Debug|iPhoneSimulator.ActiveCfg = Debug|Any CPU
		{2AEAFEC0-98AF-4F0A-8BB3-57FC36D8F3DD}.Debug|iPhoneSimulator.Build.0 = Debug|Any CPU
		{2AEAFEC0-98AF-4F0A-8BB3-57FC36D8F3DD}.Debug|iPhoneSimulator.Deploy.0 = Debug|Any CPU
		{2AEAFEC0-98AF-4F0A-8BB3-57FC36D8F3DD}.Debug|x64.ActiveCfg = Debug|Any CPU
		{2AEAFEC0-98AF-4F0A-8BB3-57FC36D8F3DD}.Debug|x64.Build.0 = Debug|Any CPU
		{2AEAFEC0-98AF-4F0A-8BB3-57FC36D8F3DD}.Debug|x64.Deploy.0 = Debug|Any CPU
		{2AEAFEC0-98AF-4F0A-8BB3-57FC36D8F3DD}.Debug|x86.ActiveCfg = Debug|Any CPU
		{2AEAFEC0-98AF-4F0A-8BB3-57FC36D8F3DD}.Debug|x86.Build.0 = Debug|Any CPU
		{2AEAFEC0-98AF-4F0A-8BB3-57FC36D8F3DD}.Debug|x86.Deploy.0 = Debug|Any CPU
		{2AEAFEC0-98AF-4F0A-8BB3-57FC36D8F3DD}.Release|Any CPU.ActiveCfg = Release|Any CPU
		{2AEAFEC0-98AF-4F0A-8BB3-57FC36D8F3DD}.Release|Any CPU.Build.0 = Release|Any CPU
		{2AEAFEC0-98AF-4F0A-8BB3-57FC36D8F3DD}.Release|Any CPU.Deploy.0 = Release|Any CPU
		{2AEAFEC0-98AF-4F0A-8BB3-57FC36D8F3DD}.Release|ARM.ActiveCfg = Release|Any CPU
		{2AEAFEC0-98AF-4F0A-8BB3-57FC36D8F3DD}.Release|ARM.Build.0 = Release|Any CPU
		{2AEAFEC0-98AF-4F0A-8BB3-57FC36D8F3DD}.Release|ARM.Deploy.0 = Release|Any CPU
		{2AEAFEC0-98AF-4F0A-8BB3-57FC36D8F3DD}.Release|iPhone.ActiveCfg = Release|Any CPU
		{2AEAFEC0-98AF-4F0A-8BB3-57FC36D8F3DD}.Release|iPhone.Build.0 = Release|Any CPU
		{2AEAFEC0-98AF-4F0A-8BB3-57FC36D8F3DD}.Release|iPhone.Deploy.0 = Release|Any CPU
		{2AEAFEC0-98AF-4F0A-8BB3-57FC36D8F3DD}.Release|iPhoneSimulator.ActiveCfg = Release|Any CPU
		{2AEAFEC0-98AF-4F0A-8BB3-57FC36D8F3DD}.Release|iPhoneSimulator.Build.0 = Release|Any CPU
		{2AEAFEC0-98AF-4F0A-8BB3-57FC36D8F3DD}.Release|iPhoneSimulator.Deploy.0 = Release|Any CPU
		{2AEAFEC0-98AF-4F0A-8BB3-57FC36D8F3DD}.Release|x64.ActiveCfg = Release|Any CPU
		{2AEAFEC0-98AF-4F0A-8BB3-57FC36D8F3DD}.Release|x64.Build.0 = Release|Any CPU
		{2AEAFEC0-98AF-4F0A-8BB3-57FC36D8F3DD}.Release|x64.Deploy.0 = Release|Any CPU
		{2AEAFEC0-98AF-4F0A-8BB3-57FC36D8F3DD}.Release|x86.ActiveCfg = Release|Any CPU
		{2AEAFEC0-98AF-4F0A-8BB3-57FC36D8F3DD}.Release|x86.Build.0 = Release|Any CPU
		{2AEAFEC0-98AF-4F0A-8BB3-57FC36D8F3DD}.Release|x86.Deploy.0 = Release|Any CPU
		{FD38C4BE-A2DD-4D30-BD5D-FFA110FBA03C}.Debug|Any CPU.ActiveCfg = Debug|iPhoneSimulator
		{FD38C4BE-A2DD-4D30-BD5D-FFA110FBA03C}.Debug|Any CPU.Build.0 = Debug|iPhoneSimulator
		{FD38C4BE-A2DD-4D30-BD5D-FFA110FBA03C}.Debug|Any CPU.Deploy.0 = Debug|iPhoneSimulator
		{FD38C4BE-A2DD-4D30-BD5D-FFA110FBA03C}.Debug|ARM.ActiveCfg = Debug|iPhone
		{FD38C4BE-A2DD-4D30-BD5D-FFA110FBA03C}.Debug|ARM.Build.0 = Debug|iPhone
		{FD38C4BE-A2DD-4D30-BD5D-FFA110FBA03C}.Debug|ARM.Deploy.0 = Debug|iPhone
		{FD38C4BE-A2DD-4D30-BD5D-FFA110FBA03C}.Debug|iPhone.ActiveCfg = Debug|iPhone
		{FD38C4BE-A2DD-4D30-BD5D-FFA110FBA03C}.Debug|iPhone.Build.0 = Debug|iPhone
		{FD38C4BE-A2DD-4D30-BD5D-FFA110FBA03C}.Debug|iPhone.Deploy.0 = Debug|iPhone
		{FD38C4BE-A2DD-4D30-BD5D-FFA110FBA03C}.Debug|iPhoneSimulator.ActiveCfg = Debug|iPhoneSimulator
		{FD38C4BE-A2DD-4D30-BD5D-FFA110FBA03C}.Debug|iPhoneSimulator.Build.0 = Debug|iPhoneSimulator
		{FD38C4BE-A2DD-4D30-BD5D-FFA110FBA03C}.Debug|iPhoneSimulator.Deploy.0 = Debug|iPhoneSimulator
		{FD38C4BE-A2DD-4D30-BD5D-FFA110FBA03C}.Debug|x64.ActiveCfg = Debug|iPhoneSimulator
		{FD38C4BE-A2DD-4D30-BD5D-FFA110FBA03C}.Debug|x64.Build.0 = Debug|iPhoneSimulator
		{FD38C4BE-A2DD-4D30-BD5D-FFA110FBA03C}.Debug|x64.Deploy.0 = Debug|iPhoneSimulator
		{FD38C4BE-A2DD-4D30-BD5D-FFA110FBA03C}.Debug|x86.ActiveCfg = Debug|iPhoneSimulator
		{FD38C4BE-A2DD-4D30-BD5D-FFA110FBA03C}.Debug|x86.Build.0 = Debug|iPhoneSimulator
		{FD38C4BE-A2DD-4D30-BD5D-FFA110FBA03C}.Debug|x86.Deploy.0 = Debug|iPhoneSimulator
		{FD38C4BE-A2DD-4D30-BD5D-FFA110FBA03C}.Release|Any CPU.ActiveCfg = Release|iPhoneSimulator
		{FD38C4BE-A2DD-4D30-BD5D-FFA110FBA03C}.Release|Any CPU.Build.0 = Release|iPhoneSimulator
		{FD38C4BE-A2DD-4D30-BD5D-FFA110FBA03C}.Release|Any CPU.Deploy.0 = Release|iPhoneSimulator
		{FD38C4BE-A2DD-4D30-BD5D-FFA110FBA03C}.Release|ARM.ActiveCfg = Release|iPhoneSimulator
		{FD38C4BE-A2DD-4D30-BD5D-FFA110FBA03C}.Release|ARM.Build.0 = Release|iPhoneSimulator
		{FD38C4BE-A2DD-4D30-BD5D-FFA110FBA03C}.Release|ARM.Deploy.0 = Release|iPhoneSimulator
		{FD38C4BE-A2DD-4D30-BD5D-FFA110FBA03C}.Release|iPhone.ActiveCfg = Release|iPhone
		{FD38C4BE-A2DD-4D30-BD5D-FFA110FBA03C}.Release|iPhone.Build.0 = Release|iPhone
		{FD38C4BE-A2DD-4D30-BD5D-FFA110FBA03C}.Release|iPhone.Deploy.0 = Release|iPhone
		{FD38C4BE-A2DD-4D30-BD5D-FFA110FBA03C}.Release|iPhoneSimulator.ActiveCfg = Release|iPhoneSimulator
		{FD38C4BE-A2DD-4D30-BD5D-FFA110FBA03C}.Release|iPhoneSimulator.Build.0 = Release|iPhoneSimulator
		{FD38C4BE-A2DD-4D30-BD5D-FFA110FBA03C}.Release|iPhoneSimulator.Deploy.0 = Release|iPhoneSimulator
		{FD38C4BE-A2DD-4D30-BD5D-FFA110FBA03C}.Release|x64.ActiveCfg = Release|iPhoneSimulator
		{FD38C4BE-A2DD-4D30-BD5D-FFA110FBA03C}.Release|x64.Build.0 = Release|iPhoneSimulator
		{FD38C4BE-A2DD-4D30-BD5D-FFA110FBA03C}.Release|x64.Deploy.0 = Release|iPhoneSimulator
		{FD38C4BE-A2DD-4D30-BD5D-FFA110FBA03C}.Release|x86.ActiveCfg = Release|iPhoneSimulator
		{FD38C4BE-A2DD-4D30-BD5D-FFA110FBA03C}.Release|x86.Build.0 = Release|iPhoneSimulator
		{FD38C4BE-A2DD-4D30-BD5D-FFA110FBA03C}.Release|x86.Deploy.0 = Release|iPhoneSimulator
		{6F32602C-197B-4F0E-A101-BDEC1E455372}.Debug|Any CPU.ActiveCfg = Debug|Any CPU
		{6F32602C-197B-4F0E-A101-BDEC1E455372}.Debug|Any CPU.Build.0 = Debug|Any CPU
		{6F32602C-197B-4F0E-A101-BDEC1E455372}.Debug|Any CPU.Deploy.0 = Debug|Any CPU
		{6F32602C-197B-4F0E-A101-BDEC1E455372}.Debug|ARM.ActiveCfg = Debug|Any CPU
		{6F32602C-197B-4F0E-A101-BDEC1E455372}.Debug|ARM.Build.0 = Debug|Any CPU
		{6F32602C-197B-4F0E-A101-BDEC1E455372}.Debug|ARM.Deploy.0 = Debug|Any CPU
		{6F32602C-197B-4F0E-A101-BDEC1E455372}.Debug|iPhone.ActiveCfg = Debug|Any CPU
		{6F32602C-197B-4F0E-A101-BDEC1E455372}.Debug|iPhone.Build.0 = Debug|Any CPU
		{6F32602C-197B-4F0E-A101-BDEC1E455372}.Debug|iPhone.Deploy.0 = Debug|Any CPU
		{6F32602C-197B-4F0E-A101-BDEC1E455372}.Debug|iPhoneSimulator.ActiveCfg = Debug|Any CPU
		{6F32602C-197B-4F0E-A101-BDEC1E455372}.Debug|iPhoneSimulator.Build.0 = Debug|Any CPU
		{6F32602C-197B-4F0E-A101-BDEC1E455372}.Debug|iPhoneSimulator.Deploy.0 = Debug|Any CPU
		{6F32602C-197B-4F0E-A101-BDEC1E455372}.Debug|x64.ActiveCfg = Debug|Any CPU
		{6F32602C-197B-4F0E-A101-BDEC1E455372}.Debug|x64.Build.0 = Debug|Any CPU
		{6F32602C-197B-4F0E-A101-BDEC1E455372}.Debug|x64.Deploy.0 = Debug|Any CPU
		{6F32602C-197B-4F0E-A101-BDEC1E455372}.Debug|x86.ActiveCfg = Debug|Any CPU
		{6F32602C-197B-4F0E-A101-BDEC1E455372}.Debug|x86.Build.0 = Debug|Any CPU
		{6F32602C-197B-4F0E-A101-BDEC1E455372}.Debug|x86.Deploy.0 = Debug|Any CPU
		{6F32602C-197B-4F0E-A101-BDEC1E455372}.Release|Any CPU.ActiveCfg = Release|Any CPU
		{6F32602C-197B-4F0E-A101-BDEC1E455372}.Release|Any CPU.Build.0 = Release|Any CPU
		{6F32602C-197B-4F0E-A101-BDEC1E455372}.Release|Any CPU.Deploy.0 = Release|Any CPU
		{6F32602C-197B-4F0E-A101-BDEC1E455372}.Release|ARM.ActiveCfg = Release|Any CPU
		{6F32602C-197B-4F0E-A101-BDEC1E455372}.Release|ARM.Build.0 = Release|Any CPU
		{6F32602C-197B-4F0E-A101-BDEC1E455372}.Release|ARM.Deploy.0 = Release|Any CPU
		{6F32602C-197B-4F0E-A101-BDEC1E455372}.Release|iPhone.ActiveCfg = Release|Any CPU
		{6F32602C-197B-4F0E-A101-BDEC1E455372}.Release|iPhone.Build.0 = Release|Any CPU
		{6F32602C-197B-4F0E-A101-BDEC1E455372}.Release|iPhone.Deploy.0 = Release|Any CPU
		{6F32602C-197B-4F0E-A101-BDEC1E455372}.Release|iPhoneSimulator.ActiveCfg = Release|Any CPU
		{6F32602C-197B-4F0E-A101-BDEC1E455372}.Release|iPhoneSimulator.Build.0 = Release|Any CPU
		{6F32602C-197B-4F0E-A101-BDEC1E455372}.Release|iPhoneSimulator.Deploy.0 = Release|Any CPU
		{6F32602C-197B-4F0E-A101-BDEC1E455372}.Release|x64.ActiveCfg = Release|Any CPU
		{6F32602C-197B-4F0E-A101-BDEC1E455372}.Release|x64.Build.0 = Release|Any CPU
		{6F32602C-197B-4F0E-A101-BDEC1E455372}.Release|x64.Deploy.0 = Release|Any CPU
		{6F32602C-197B-4F0E-A101-BDEC1E455372}.Release|x86.ActiveCfg = Release|Any CPU
		{6F32602C-197B-4F0E-A101-BDEC1E455372}.Release|x86.Build.0 = Release|Any CPU
		{6F32602C-197B-4F0E-A101-BDEC1E455372}.Release|x86.Deploy.0 = Release|Any CPU
	EndGlobalSection
	GlobalSection(SolutionProperties) = preSolution
		HideSolutionNode = FALSE
	EndGlobalSection
	GlobalSection(ExtensibilityGlobals) = postSolution
		SolutionGuid = {3FC37838-7656-4F71-A238-89FF37B0AC21}
	EndGlobalSection
EndGlobal
